
Microsoft Visual Studio Solution File, Format Version 12.00
# Visual Studio Version 17
VisualStudioVersion = 17.12.35527.113 d17.12
MinimumVisualStudioVersion = 10.0.40219.1
Project("{E24C65DC-7377-472B-9ABA-BC803B73C61A}") = "Azure_AI_Services", "..\", "{A7759799-0299-460C-9E8B-4B90276CC243}"
	ProjectSection(WebsiteProperties) = preProject
		TargetFrameworkMoniker = ".NETFramework,Version%3Dv4.8.1"
		Debug.AspNetCompiler.VirtualPath = "/localhost_53135"
		Debug.AspNetCompiler.PhysicalPath = "..\..\Azure_AI_Services\"
		Debug.AspNetCompiler.TargetPath = "PrecompiledWeb\localhost_53135\"
		Debug.AspNetCompiler.Updateable = "true"
		Debug.AspNetCompiler.ForceOverwrite = "true"
		Debug.AspNetCompiler.FixedNames = "false"
		Debug.AspNetCompiler.Debug = "True"
		Release.AspNetCompiler.VirtualPath = "/localhost_53135"
		Release.AspNetCompiler.PhysicalPath = "..\..\Azure_AI_Services\"
		Release.AspNetCompiler.TargetPath = "PrecompiledWeb\localhost_53135\"
		Release.AspNetCompiler.Updateable = "true"
		Release.AspNetCompiler.ForceOverwrite = "true"
		Release.AspNetCompiler.FixedNames = "false"
		Release.AspNetCompiler.Debug = "False"
		VWDPort = "53135"
		SlnRelativePath = "..\..\Azure_AI_Services\"
	EndProjectSection
EndProject
Project("{2150E333-8FDC-42A3-9474-1A3956D46DE8}") = "01-getting-started", "01-getting-started", "{27C8BBAF-9DAD-495C-8A8E-5A37D0C47EE1}"
EndProject
Project("{FAE04EC0-301F-11D3-BF4B-00C04F79EFBC}") = "rest_client", "01-getting-started\C-Sharp\rest-client\rest_client.csproj", "{A844FB62-7A2A-438E-8947-BF5DBF480257}"
EndProject
Project("{FAE04EC0-301F-11D3-BF4B-00C04F79EFBC}") = "sdk-client", "01-getting-started\C-Sharp\sdk-client\sdk-client.csproj", "{E540A6DD-795E-4782-8E71-121FD379235A}"
EndProject
Project("{E24C65DC-7377-472B-9ABA-BC803B73C61A}") = "Python", "01-getting-started\Python\", "{6426CFC8-1230-44D2-8DF2-83077AEEE642}"
	ProjectSection(WebsiteProperties) = preProject
		TargetFrameworkMoniker = ".NETFramework,Version%3Dv4.8.1"
		Debug.AspNetCompiler.VirtualPath = "/localhost_53343"
		Debug.AspNetCompiler.PhysicalPath = "01-getting-started\Python\"
		Debug.AspNetCompiler.TargetPath = "PrecompiledWeb\localhost_53343\"
		Debug.AspNetCompiler.Updateable = "true"
		Debug.AspNetCompiler.ForceOverwrite = "true"
		Debug.AspNetCompiler.FixedNames = "false"
		Debug.AspNetCompiler.Debug = "True"
		Release.AspNetCompiler.VirtualPath = "/localhost_53343"
		Release.AspNetCompiler.PhysicalPath = "01-getting-started\Python\"
		Release.AspNetCompiler.TargetPath = "PrecompiledWeb\localhost_53343\"
		Release.AspNetCompiler.Updateable = "true"
		Release.AspNetCompiler.ForceOverwrite = "true"
		Release.AspNetCompiler.FixedNames = "false"
		Release.AspNetCompiler.Debug = "False"
		VWDPort = "53343"
		SlnRelativePath = "01-getting-started\Python\"
	EndProjectSection
EndProject
Project("{2150E333-8FDC-42A3-9474-1A3956D46DE8}") = "02-cognitive-security", "02-cognitive-security", "{72771474-C66A-43A1-AF50-4B9F2C75E2CB}"
EndProject
Project("{FAE04EC0-301F-11D3-BF4B-00C04F79EFBC}") = "keyvault_client", "02-cognitive-security\C-Sharp\keyvault_client\keyvault_client.csproj", "{DC46C005-86A2-46C2-9381-5A40AF27775B}"
EndProject
Project("{E24C65DC-7377-472B-9ABA-BC803B73C61A}") = "Python(1)", "02-cognitive-security\Python\", "{860DFA57-B226-4B1E-9BA7-F6750228336E}"
	ProjectSection(WebsiteProperties) = preProject
		TargetFrameworkMoniker = ".NETFramework,Version%3Dv4.8.1"
		Debug.AspNetCompiler.VirtualPath = "/localhost_53447"
		Debug.AspNetCompiler.PhysicalPath = "02-cognitive-security\Python\"
		Debug.AspNetCompiler.TargetPath = "PrecompiledWeb\localhost_53447\"
		Debug.AspNetCompiler.Updateable = "true"
		Debug.AspNetCompiler.ForceOverwrite = "true"
		Debug.AspNetCompiler.FixedNames = "false"
		Debug.AspNetCompiler.Debug = "True"
		Release.AspNetCompiler.VirtualPath = "/localhost_53447"
		Release.AspNetCompiler.PhysicalPath = "02-cognitive-security\Python\"
		Release.AspNetCompiler.TargetPath = "PrecompiledWeb\localhost_53447\"
		Release.AspNetCompiler.Updateable = "true"
		Release.AspNetCompiler.ForceOverwrite = "true"
		Release.AspNetCompiler.FixedNames = "false"
		Release.AspNetCompiler.Debug = "False"
		VWDPort = "53447"
		SlnRelativePath = "02-cognitive-security\Python\"
	EndProjectSection
EndProject
Project("{2150E333-8FDC-42A3-9474-1A3956D46DE8}") = "03-monitor", "03-monitor", "{C6B669EF-CB50-476C-B788-3525D3CABB20}"
EndProject
Project("{E24C65DC-7377-472B-9ABA-BC803B73C61A}") = "03-monitor", "03-monitor\", "{07515B3A-1357-41DB-93AF-80459CCE92CF}"
	ProjectSection(WebsiteProperties) = preProject
		TargetFrameworkMoniker = ".NETFramework,Version%3Dv4.8.1"
		Debug.AspNetCompiler.VirtualPath = "/localhost_54027"
		Debug.AspNetCompiler.PhysicalPath = "03-monitor\"
		Debug.AspNetCompiler.TargetPath = "PrecompiledWeb\localhost_54027\"
		Debug.AspNetCompiler.Updateable = "true"
		Debug.AspNetCompiler.ForceOverwrite = "true"
		Debug.AspNetCompiler.FixedNames = "false"
		Debug.AspNetCompiler.Debug = "True"
		Release.AspNetCompiler.VirtualPath = "/localhost_54027"
		Release.AspNetCompiler.PhysicalPath = "03-monitor\"
		Release.AspNetCompiler.TargetPath = "PrecompiledWeb\localhost_54027\"
		Release.AspNetCompiler.Updateable = "true"
		Release.AspNetCompiler.ForceOverwrite = "true"
		Release.AspNetCompiler.FixedNames = "false"
		Release.AspNetCompiler.Debug = "False"
		VWDPort = "54027"
		SlnRelativePath = "03-monitor\"
	EndProjectSection
EndProject
Project("{2150E333-8FDC-42A3-9474-1A3956D46DE8}") = "04-containers", "04-containers", "{0B1A08D8-7DFA-4880-92B6-6F4ED20D0CE5}"
EndProject
Project("{E24C65DC-7377-472B-9ABA-BC803B73C61A}") = "04-containers", "04-containers\", "{84011969-1D4A-4452-90A2-A98E0BC559C1}"
	ProjectSection(WebsiteProperties) = preProject
		TargetFrameworkMoniker = ".NETFramework,Version%3Dv4.8.1"
		Debug.AspNetCompiler.VirtualPath = "/localhost_54078"
		Debug.AspNetCompiler.PhysicalPath = "04-containers\"
		Debug.AspNetCompiler.TargetPath = "PrecompiledWeb\localhost_54078\"
		Debug.AspNetCompiler.Updateable = "true"
		Debug.AspNetCompiler.ForceOverwrite = "true"
		Debug.AspNetCompiler.FixedNames = "false"
		Debug.AspNetCompiler.Debug = "True"
		Release.AspNetCompiler.VirtualPath = "/localhost_54078"
		Release.AspNetCompiler.PhysicalPath = "04-containers\"
		Release.AspNetCompiler.TargetPath = "PrecompiledWeb\localhost_54078\"
		Release.AspNetCompiler.Updateable = "true"
		Release.AspNetCompiler.ForceOverwrite = "true"
		Release.AspNetCompiler.FixedNames = "false"
		Release.AspNetCompiler.Debug = "False"
		VWDPort = "54078"
		SlnRelativePath = "04-containers\"
	EndProjectSection
EndProject
Project("{2150E333-8FDC-42A3-9474-1A3956D46DE8}") = "Azure AI Language service", "Azure AI Language service", "{DE853FC0-3745-48ED-9CCA-70F8126C69DA}"
EndProject
Project("{FAE04EC0-301F-11D3-BF4B-00C04F79EFBC}") = "text-analysis", "..\Azure AI Language service\05-analyze-text\C-Sharp\text-analysis\text-analysis.csproj", "{4C0C8ED8-9649-48B8-A4DB-3851A0CD96A7}"
EndProject
Project("{E24C65DC-7377-472B-9ABA-BC803B73C61A}") = "Azure AI Language service", "..\Azure AI Language service\", "{693D2A8F-DAB3-48E8-84B6-4721357FBFBE}"
	ProjectSection(WebsiteProperties) = preProject
		TargetFrameworkMoniker = ".NETFramework,Version%3Dv4.8.1"
		Debug.AspNetCompiler.VirtualPath = "/localhost_54181"
		Debug.AspNetCompiler.PhysicalPath = "..\Azure AI Language service\"
		Debug.AspNetCompiler.TargetPath = "PrecompiledWeb\localhost_54181\"
		Debug.AspNetCompiler.Updateable = "true"
		Debug.AspNetCompiler.ForceOverwrite = "true"
		Debug.AspNetCompiler.FixedNames = "false"
		Debug.AspNetCompiler.Debug = "True"
		Release.AspNetCompiler.VirtualPath = "/localhost_54181"
		Release.AspNetCompiler.PhysicalPath = "..\Azure AI Language service\"
		Release.AspNetCompiler.TargetPath = "PrecompiledWeb\localhost_54181\"
		Release.AspNetCompiler.Updateable = "true"
		Release.AspNetCompiler.ForceOverwrite = "true"
		Release.AspNetCompiler.FixedNames = "false"
		Release.AspNetCompiler.Debug = "False"
		VWDPort = "54181"
		SlnRelativePath = "..\Azure AI Language service\"
	EndProjectSection
EndProject
Project("{2150E333-8FDC-42A3-9474-1A3956D46DE8}") = "Azure AI Translator", "Azure AI Translator", "{C9EC2738-399C-44E2-9720-51B4367E780F}"
EndProject
Project("{FAE04EC0-301F-11D3-BF4B-00C04F79EFBC}") = "translate_text", "..\Azure AI Translator\06-translate-text\C-Sharp\text-translation\translate_text.csproj", "{B31DA993-7364-4583-997C-A04616EEAE0E}"
EndProject
Project("{E24C65DC-7377-472B-9ABA-BC803B73C61A}") = "Azure AI Translator", "..\Azure AI Translator\", "{3AC3DD2A-D3AE-4FDE-BB8C-00DF7679BAB8}"
	ProjectSection(WebsiteProperties) = preProject
		TargetFrameworkMoniker = ".NETFramework,Version%3Dv4.8.1"
		Debug.AspNetCompiler.VirtualPath = "/localhost_54825"
		Debug.AspNetCompiler.PhysicalPath = "..\Azure AI Translator\"
		Debug.AspNetCompiler.TargetPath = "PrecompiledWeb\localhost_54825\"
		Debug.AspNetCompiler.Updateable = "true"
		Debug.AspNetCompiler.ForceOverwrite = "true"
		Debug.AspNetCompiler.FixedNames = "false"
		Debug.AspNetCompiler.Debug = "True"
		Release.AspNetCompiler.VirtualPath = "/localhost_54825"
		Release.AspNetCompiler.PhysicalPath = "..\Azure AI Translator\"
		Release.AspNetCompiler.TargetPath = "PrecompiledWeb\localhost_54825\"
		Release.AspNetCompiler.Updateable = "true"
		Release.AspNetCompiler.ForceOverwrite = "true"
		Release.AspNetCompiler.FixedNames = "false"
		Release.AspNetCompiler.Debug = "False"
		VWDPort = "54825"
		SlnRelativePath = "..\Azure AI Translator\"
	EndProjectSection
EndProject
Project("{2150E333-8FDC-42A3-9474-1A3956D46DE8}") = "Azure AI Speech", "Azure AI Speech", "{FF54E938-2394-4759-88F4-F035AC75E23F}"
EndProject
Project("{FAE04EC0-301F-11D3-BF4B-00C04F79EFBC}") = "speaking-clock", "..\Azure AI Speech\07-speech\C-Sharp\speaking-clock\speaking-clock.csproj", "{BDFD7D95-8846-4F51-9F8C-6DAA02086D37}"
EndProject
Project("{E24C65DC-7377-472B-9ABA-BC803B73C61A}") = "Azure AI Speech", "..\Azure AI Speech\", "{DF5414D8-4CCB-45F6-AB9D-C20C32172231}"
	ProjectSection(WebsiteProperties) = preProject
		TargetFrameworkMoniker = ".NETFramework,Version%3Dv4.8.1"
		Debug.AspNetCompiler.VirtualPath = "/localhost_55094"
		Debug.AspNetCompiler.PhysicalPath = "..\Azure AI Speech\"
		Debug.AspNetCompiler.TargetPath = "PrecompiledWeb\localhost_55094\"
		Debug.AspNetCompiler.Updateable = "true"
		Debug.AspNetCompiler.ForceOverwrite = "true"
		Debug.AspNetCompiler.FixedNames = "false"
		Debug.AspNetCompiler.Debug = "True"
		Release.AspNetCompiler.VirtualPath = "/localhost_55094"
		Release.AspNetCompiler.PhysicalPath = "..\Azure AI Speech\"
		Release.AspNetCompiler.TargetPath = "PrecompiledWeb\localhost_55094\"
		Release.AspNetCompiler.Updateable = "true"
		Release.AspNetCompiler.ForceOverwrite = "true"
		Release.AspNetCompiler.FixedNames = "false"
		Release.AspNetCompiler.Debug = "False"
		VWDPort = "55094"
		SlnRelativePath = "..\Azure AI Speech\"
	EndProjectSection
EndProject
Project("{FAE04EC0-301F-11D3-BF4B-00C04F79EFBC}") = "translator", "..\Azure AI Speech\08-speech-translation\C-Sharp\translator\translator.csproj", "{3058EB44-666E-487E-9CCF-81FE0EE69D1C}"
EndProject
Project("{FAE04EC0-301F-11D3-BF4B-00C04F79EFBC}") = "clock_client", "..\Azure AI Language service\10b-clu-client-(preview)\C-Sharp\clock-client\clock_client.csproj", "{88D6FA6C-B4BE-4507-85CC-86A677CEDF5D}"
EndProject
Global
	GlobalSection(SolutionConfigurationPlatforms) = preSolution
		Debug|Any CPU = Debug|Any CPU
		Release|Any CPU = Release|Any CPU
	EndGlobalSection
	GlobalSection(ProjectConfigurationPlatforms) = postSolution
		{A7759799-0299-460C-9E8B-4B90276CC243}.Debug|Any CPU.ActiveCfg = Debug|Any CPU
		{A7759799-0299-460C-9E8B-4B90276CC243}.Debug|Any CPU.Build.0 = Debug|Any CPU
		{A7759799-0299-460C-9E8B-4B90276CC243}.Release|Any CPU.ActiveCfg = Debug|Any CPU
		{A7759799-0299-460C-9E8B-4B90276CC243}.Release|Any CPU.Build.0 = Debug|Any CPU
		{A844FB62-7A2A-438E-8947-BF5DBF480257}.Debug|Any CPU.ActiveCfg = Debug|Any CPU
		{A844FB62-7A2A-438E-8947-BF5DBF480257}.Debug|Any CPU.Build.0 = Debug|Any CPU
		{A844FB62-7A2A-438E-8947-BF5DBF480257}.Release|Any CPU.ActiveCfg = Release|Any CPU
		{A844FB62-7A2A-438E-8947-BF5DBF480257}.Release|Any CPU.Build.0 = Release|Any CPU
		{E540A6DD-795E-4782-8E71-121FD379235A}.Debug|Any CPU.ActiveCfg = Debug|Any CPU
		{E540A6DD-795E-4782-8E71-121FD379235A}.Debug|Any CPU.Build.0 = Debug|Any CPU
		{E540A6DD-795E-4782-8E71-121FD379235A}.Release|Any CPU.ActiveCfg = Release|Any CPU
		{E540A6DD-795E-4782-8E71-121FD379235A}.Release|Any CPU.Build.0 = Release|Any CPU
		{6426CFC8-1230-44D2-8DF2-83077AEEE642}.Debug|Any CPU.ActiveCfg = Debug|Any CPU
		{6426CFC8-1230-44D2-8DF2-83077AEEE642}.Debug|Any CPU.Build.0 = Debug|Any CPU
		{6426CFC8-1230-44D2-8DF2-83077AEEE642}.Release|Any CPU.ActiveCfg = Debug|Any CPU
		{6426CFC8-1230-44D2-8DF2-83077AEEE642}.Release|Any CPU.Build.0 = Debug|Any CPU
		{DC46C005-86A2-46C2-9381-5A40AF27775B}.Debug|Any CPU.ActiveCfg = Debug|Any CPU
		{DC46C005-86A2-46C2-9381-5A40AF27775B}.Debug|Any CPU.Build.0 = Debug|Any CPU
		{DC46C005-86A2-46C2-9381-5A40AF27775B}.Release|Any CPU.ActiveCfg = Release|Any CPU
		{DC46C005-86A2-46C2-9381-5A40AF27775B}.Release|Any CPU.Build.0 = Release|Any CPU
		{860DFA57-B226-4B1E-9BA7-F6750228336E}.Debug|Any CPU.ActiveCfg = Debug|Any CPU
		{860DFA57-B226-4B1E-9BA7-F6750228336E}.Debug|Any CPU.Build.0 = Debug|Any CPU
		{860DFA57-B226-4B1E-9BA7-F6750228336E}.Release|Any CPU.ActiveCfg = Debug|Any CPU
		{860DFA57-B226-4B1E-9BA7-F6750228336E}.Release|Any CPU.Build.0 = Debug|Any CPU
		{07515B3A-1357-41DB-93AF-80459CCE92CF}.Debug|Any CPU.ActiveCfg = Debug|Any CPU
		{07515B3A-1357-41DB-93AF-80459CCE92CF}.Debug|Any CPU.Build.0 = Debug|Any CPU
		{07515B3A-1357-41DB-93AF-80459CCE92CF}.Release|Any CPU.ActiveCfg = Debug|Any CPU
		{07515B3A-1357-41DB-93AF-80459CCE92CF}.Release|Any CPU.Build.0 = Debug|Any CPU
		{84011969-1D4A-4452-90A2-A98E0BC559C1}.Debug|Any CPU.ActiveCfg = Debug|Any CPU
		{84011969-1D4A-4452-90A2-A98E0BC559C1}.Debug|Any CPU.Build.0 = Debug|Any CPU
		{84011969-1D4A-4452-90A2-A98E0BC559C1}.Release|Any CPU.ActiveCfg = Debug|Any CPU
		{84011969-1D4A-4452-90A2-A98E0BC559C1}.Release|Any CPU.Build.0 = Debug|Any CPU
		{4C0C8ED8-9649-48B8-A4DB-3851A0CD96A7}.Debug|Any CPU.ActiveCfg = Debug|Any CPU
		{4C0C8ED8-9649-48B8-A4DB-3851A0CD96A7}.Debug|Any CPU.Build.0 = Debug|Any CPU
		{4C0C8ED8-9649-48B8-A4DB-3851A0CD96A7}.Release|Any CPU.ActiveCfg = Release|Any CPU
		{4C0C8ED8-9649-48B8-A4DB-3851A0CD96A7}.Release|Any CPU.Build.0 = Release|Any CPU
		{693D2A8F-DAB3-48E8-84B6-4721357FBFBE}.Debug|Any CPU.ActiveCfg = Debug|Any CPU
		{693D2A8F-DAB3-48E8-84B6-4721357FBFBE}.Debug|Any CPU.Build.0 = Debug|Any CPU
		{693D2A8F-DAB3-48E8-84B6-4721357FBFBE}.Release|Any CPU.ActiveCfg = Debug|Any CPU
		{693D2A8F-DAB3-48E8-84B6-4721357FBFBE}.Release|Any CPU.Build.0 = Debug|Any CPU
		{B31DA993-7364-4583-997C-A04616EEAE0E}.Debug|Any CPU.ActiveCfg = Debug|Any CPU
		{B31DA993-7364-4583-997C-A04616EEAE0E}.Debug|Any CPU.Build.0 = Debug|Any CPU
		{B31DA993-7364-4583-997C-A04616EEAE0E}.Release|Any CPU.ActiveCfg = Release|Any CPU
		{B31DA993-7364-4583-997C-A04616EEAE0E}.Release|Any CPU.Build.0 = Release|Any CPU
		{3AC3DD2A-D3AE-4FDE-BB8C-00DF7679BAB8}.Debug|Any CPU.ActiveCfg = Debug|Any CPU
		{3AC3DD2A-D3AE-4FDE-BB8C-00DF7679BAB8}.Debug|Any CPU.Build.0 = Debug|Any CPU
		{3AC3DD2A-D3AE-4FDE-BB8C-00DF7679BAB8}.Release|Any CPU.ActiveCfg = Debug|Any CPU
		{3AC3DD2A-D3AE-4FDE-BB8C-00DF7679BAB8}.Release|Any CPU.Build.0 = Debug|Any CPU
		{BDFD7D95-8846-4F51-9F8C-6DAA02086D37}.Debug|Any CPU.ActiveCfg = Debug|Any CPU
		{BDFD7D95-8846-4F51-9F8C-6DAA02086D37}.Debug|Any CPU.Build.0 = Debug|Any CPU
		{BDFD7D95-8846-4F51-9F8C-6DAA02086D37}.Release|Any CPU.ActiveCfg = Release|Any CPU
		{BDFD7D95-8846-4F51-9F8C-6DAA02086D37}.Release|Any CPU.Build.0 = Release|Any CPU
		{DF5414D8-4CCB-45F6-AB9D-C20C32172231}.Debug|Any CPU.ActiveCfg = Debug|Any CPU
		{DF5414D8-4CCB-45F6-AB9D-C20C32172231}.Debug|Any CPU.Build.0 = Debug|Any CPU
		{DF5414D8-4CCB-45F6-AB9D-C20C32172231}.Release|Any CPU.ActiveCfg = Debug|Any CPU
		{DF5414D8-4CCB-45F6-AB9D-C20C32172231}.Release|Any CPU.Build.0 = Debug|Any CPU
		{3058EB44-666E-487E-9CCF-81FE0EE69D1C}.Debug|Any CPU.ActiveCfg = Debug|Any CPU
		{3058EB44-666E-487E-9CCF-81FE0EE69D1C}.Debug|Any CPU.Build.0 = Debug|Any CPU
		{3058EB44-666E-487E-9CCF-81FE0EE69D1C}.Release|Any CPU.ActiveCfg = Release|Any CPU
		{3058EB44-666E-487E-9CCF-81FE0EE69D1C}.Release|Any CPU.Build.0 = Release|Any CPU
		{88D6FA6C-B4BE-4507-85CC-86A677CEDF5D}.Debug|Any CPU.ActiveCfg = Debug|Any CPU
		{88D6FA6C-B4BE-4507-85CC-86A677CEDF5D}.Debug|Any CPU.Build.0 = Debug|Any CPU
		{88D6FA6C-B4BE-4507-85CC-86A677CEDF5D}.Release|Any CPU.ActiveCfg = Release|Any CPU
		{88D6FA6C-B4BE-4507-85CC-86A677CEDF5D}.Release|Any CPU.Build.0 = Release|Any CPU
	EndGlobalSection
	GlobalSection(SolutionProperties) = preSolution
		HideSolutionNode = FALSE
	EndGlobalSection
	GlobalSection(NestedProjects) = preSolution
		{A844FB62-7A2A-438E-8947-BF5DBF480257} = {27C8BBAF-9DAD-495C-8A8E-5A37D0C47EE1}
		{E540A6DD-795E-4782-8E71-121FD379235A} = {27C8BBAF-9DAD-495C-8A8E-5A37D0C47EE1}
		{6426CFC8-1230-44D2-8DF2-83077AEEE642} = {27C8BBAF-9DAD-495C-8A8E-5A37D0C47EE1}
		{DC46C005-86A2-46C2-9381-5A40AF27775B} = {72771474-C66A-43A1-AF50-4B9F2C75E2CB}
		{860DFA57-B226-4B1E-9BA7-F6750228336E} = {72771474-C66A-43A1-AF50-4B9F2C75E2CB}
		{07515B3A-1357-41DB-93AF-80459CCE92CF} = {C6B669EF-CB50-476C-B788-3525D3CABB20}
		{84011969-1D4A-4452-90A2-A98E0BC559C1} = {0B1A08D8-7DFA-4880-92B6-6F4ED20D0CE5}
		{4C0C8ED8-9649-48B8-A4DB-3851A0CD96A7} = {DE853FC0-3745-48ED-9CCA-70F8126C69DA}
		{693D2A8F-DAB3-48E8-84B6-4721357FBFBE} = {DE853FC0-3745-48ED-9CCA-70F8126C69DA}
		{B31DA993-7364-4583-997C-A04616EEAE0E} = {C9EC2738-399C-44E2-9720-51B4367E780F}
		{3AC3DD2A-D3AE-4FDE-BB8C-00DF7679BAB8} = {C9EC2738-399C-44E2-9720-51B4367E780F}
		{BDFD7D95-8846-4F51-9F8C-6DAA02086D37} = {FF54E938-2394-4759-88F4-F035AC75E23F}
		{DF5414D8-4CCB-45F6-AB9D-C20C32172231} = {FF54E938-2394-4759-88F4-F035AC75E23F}
		{3058EB44-666E-487E-9CCF-81FE0EE69D1C} = {FF54E938-2394-4759-88F4-F035AC75E23F}
		{88D6FA6C-B4BE-4507-85CC-86A677CEDF5D} = {DE853FC0-3745-48ED-9CCA-70F8126C69DA}
	EndGlobalSection
EndGlobal
